// !$*UTF8*$!
{
	archiveVersion = 1;
	classes = {
	};
	objectVersion = 46;
	objects = {

/* Begin PBXBuildFile section */
		8D53235E1D918E74002A5039 /* AppDelegate.swift in Sources */ = {isa = PBXBuildFile; fileRef = 8D53235D1D918E74002A5039 /* AppDelegate.swift */; };
		8D5323601D918E74002A5039 /* ViewController.swift in Sources */ = {isa = PBXBuildFile; fileRef = 8D53235F1D918E74002A5039 /* ViewController.swift */; };
		8D5323631D918E74002A5039 /* Main.storyboard in Resources */ = {isa = PBXBuildFile; fileRef = 8D5323611D918E74002A5039 /* Main.storyboard */; };
		8D5323651D918E74002A5039 /* Assets.xcassets in Resources */ = {isa = PBXBuildFile; fileRef = 8D5323641D918E74002A5039 /* Assets.xcassets */; };
		8D5323681D918E74002A5039 /* LaunchScreen.storyboard in Resources */ = {isa = PBXBuildFile; fileRef = 8D5323661D918E74002A5039 /* LaunchScreen.storyboard */; };
		8D5323741D919623002A5039 /* contactus.html in Resources */ = {isa = PBXBuildFile; fileRef = 8D5323731D919623002A5039 /* contactus.html */; };
/* End PBXBuildFile section */

/* Begin PBXFileReference section */
		8D53235A1D918E73002A5039 /* LoadLocalHtml.app */ = {isa = PBXFileReference; explicitFileType = wrapper.application; includeInIndex = 0; path = LoadLocalHtml.app; sourceTree = BUILT_PRODUCTS_DIR; };
		8D53235D1D918E74002A5039 /* AppDelegate.swift */ = {isa = PBXFileReference; lastKnownFileType = sourcecode.swift; path = AppDelegate.swift; sourceTree = "<group>"; };
		8D53235F1D918E74002A5039 /* ViewController.swift */ = {isa = PBXFileReference; lastKnownFileType = sourcecode.swift; path = ViewController.swift; sourceTree = "<group>"; };
		8D5323621D918E74002A5039 /* Base */ = {isa = PBXFileReference; lastKnownFileType = file.storyboard; name = Base; path = Base.lproj/Main.storyboard; sourceTree = "<group>"; };
		8D5323641D918E74002A5039 /* Assets.xcassets */ = {isa = PBXFileReference; lastKnownFileType = folder.assetcatalog; path = Assets.xcassets; sourceTree = "<group>"; };
		8D5323671D918E74002A5039 /* Base */ = {isa = PBXFileReference; lastKnownFileType = file.storyboard; name = Base; path = Base.lproj/LaunchScreen.storyboard; sourceTree = "<group>"; };
		8D5323691D918E74002A5039 /* Info.plist */ = {isa = PBXFileReference; lastKnownFileType = text.plist.xml; path = Info.plist; sourceTree = "<group>"; };
		8D5323731D919623002A5039 /* contactus.html */ = {isa = PBXFileReference; fileEncoding = 4; lastKnownFileType = text.html; path = contactus.html; sourceTree = "<group>"; };
/* End PBXFileReference section */

/* Begin PBXFrameworksBuildPhase section */
		8D5323571D918E73002A5039 /* Frameworks */ = {
			isa = PBXFrameworksBuildPhase;
			buildActionMask = 2147483647;
			files = (
			);
			runOnlyForDeploymentPostprocessing = 0;
		};
/* End PBXFrameworksBuildPhase section */

/* Begin PBXGroup section */
		8D5323511D918E73002A5039 = {
			isa = PBXGroup;
			children = (
				8D53235C1D918E73002A5039 /* LoadLocalHtml */,
				8D53235B1D918E73002A5039 /* Products */,
			);
			sourceTree = "<group>";
		};
		8D53235B1D918E73002A5039 /* Products */ = {
			isa = PBXGroup;
			children = (
				8D53235A1D918E73002A5039 /* LoadLocalHtml.app */,
			);
			name = Products;
			sourceTree = "<group>";
		};
		8D53235C1D918E73002A5039 /* LoadLocalHtml */ = {
			isa = PBXGroup;
			children = (
				8D5323731D919623002A5039 /* contactus.html */,
				8D53235D1D918E74002A5039 /* AppDelegate.swift */,
				8D53235F1D918E74002A5039 /* ViewController.swift */,
				8D5323611D918E74002A5039 /* Main.storyboard */,
				8D5323641D918E74002A5039 /* Assets.xcassets */,
				8D5323661D918E74002A5039 /* LaunchScreen.storyboard */,
				8D5323691D918E74002A5039 /* Info.plist */,
			);
			path = LoadLocalHtml;
			sourceTree = "<group>";
		};
/* End PBXGroup section */

/* Begin PBXNativeTarget section */
		8D5323591D918E73002A5039 /* LoadLocalHtml */ = {
			isa = PBXNativeTarget;
			buildConfigurationList = 8D53236C1D918E74002A5039 /* Build configuration list for PBXNativeTarget "LoadLocalHtml" */;
			buildPhases = (
				8D5323561D918E73002A5039 /* Sources */,
				8D5323571D918E73002A5039 /* Frameworks */,
				8D5323581D918E73002A5039 /* Resources */,
			);
			buildRules = (
			);
			dependencies = (
			);
			name = LoadLocalHtml;
			productName = LoadLocalHtml;
			productReference = 8D53235A1D918E73002A5039 /* LoadLocalHtml.app */;
			productType = "com.apple.product-type.application";
		};
/* End PBXNativeTarget section */

/* Begin PBXProject section */
		8D5323521D918E73002A5039 /* Project object */ = {
			isa = PBXProject;
			attributes = {
				LastSwiftUpdateCheck = 0720;
				LastUpgradeCheck = 0720;
				ORGANIZATIONNAME = WebInDream;
				TargetAttributes = {
					8D5323591D918E73002A5039 = {
						CreatedOnToolsVersion = 7.2.1;
					};
				};
			};
			buildConfigurationList = 8D5323551D918E73002A5039 /* Build configuration list for PBXProject "LoadLocalHtml" */;
			compatibilityVersion = "Xcode 3.2";
			developmentRegion = English;
			hasScannedForEncodings = 0;
			knownRegions = (
				en,
				Base,
			);
			mainGroup = 8D5323511D918E73002A5039;
			productRefGroup = 8D53235B1D918E73002A5039 /* Products */;
			projectDirPath = "";
			projectRoot = "";
			targets = (
				8D5323591D918E73002A5039 /* LoadLocalHtml */,
			);
		};
/* End PBXProject section */

/* Begin PBXResourcesBuildPhase section */
		8D5323581D918E73002A5039 /* Resources */ = {
			isa = PBXResourcesBuildPhase;
			buildActionMask = 2147483647;
			files = (
				8D5323681D918E74002A5039 /* LaunchScreen.storyboard in Resources */,
				8D5323741D919623002A5039 /* contactus.html in Resources */,
				8D5323651D918E74002A5039 /* Assets.xcassets in Resources */,
				8D5323631D918E74002A5039 /* Main.storyboard in Resources */,
			);
			runOnlyForDeploymentPostprocessing = 0;
		};
/* End PBXResourcesBuildPhase section */

/* Begin PBXSourcesBuildPhase section */
		8D5323561D918E73002A5039 /* Sources */ = {
			isa = PBXSourcesBuildPhase;
			buildActionMask = 2147483647;
			files = (
				8D5323601D918E74002A5039 /* ViewController.swift in Sources */,
				8D53235E1D918E74002A5039 /* AppDelegate.swift in Sources */,
			);
			runOnlyForDeploymentPostprocessing = 0;
		};
/* End PBXSourcesBuildPhase section */

/* Begin PBXVariantGroup section */
		8D5323611D918E74002A5039 /* Main.storyboard */ = {
			isa = PBXVariantGroup;
			children = (
				8D5323621D918E74002A5039 /* Base */,
			);
			name = Main.storyboard;
			sourceTree = "<group>";
		};
		8D5323661D918E74002A5039 /* LaunchScreen.storyboard */ = {
			isa = PBXVariantGroup;
			children = (
				8D5323671D918E74002A5039 /* Base */,
			);
			name = LaunchScreen.storyboard;
			sourceTree = "<group>";
		};
/* End PBXVariantGroup section */

/* Begin XCBuildConfiguration section */
		8D53236A1D918E74002A5039 /* Debug */ = {
			isa = XCBuildConfiguration;
			buildSettings = {
				ALWAYS_SEARCH_USER_PATHS = NO;
				CLANG_CXX_LANGUAGE_STANDARD = "gnu++0x";
				CLANG_CXX_LIBRARY = "libc++";
				CLANG_ENABLE_MODULES = YES;
				CLANG_ENABLE_OBJC_ARC = YES;
				CLANG_WARN_BOOL_CONVERSION = YES;
				CLANG_WARN_CONSTANT_CONVERSION = YES;
				CLANG_WARN_DIRECT_OBJC_ISA_USAGE = YES_ERROR;
				CLANG_WARN_EMPTY_BODY = YES;
				CLANG_WARN_ENUM_CONVERSION = YES;
				CLANG_WARN_INT_CONVERSION = YES;
				CLANG_WARN_OBJC_ROOT_CLASS = YES_ERROR;
				CLANG_WARN_UNREACHABLE_CODE = YES;
				CLANG_WARN__DUPLICATE_METHOD_MATCH = YES;
				"CODE_SIGN_IDENTITY[sdk=iphoneos*]" = "iPhone Developer";
				COPY_PHASE_STRIP = NO;
				DEBUG_INFORMATION_FORMAT = dwarf;
				ENABLE_STRICT_OBJC_MSGSEND = YES;
				ENABLE_TESTABILITY = YES;
				GCC_C_LANGUAGE_STANDARD = gnu99;
				GCC_DYNAMIC_NO_PIC = NO;
				GCC_NO_COMMON_BLOCKS = YES;
				GCC_OPTIMIZATION_LEVEL = 0;
				GCC_PREPROCESSOR_DEFINITIONS = (
					"DEBUG=1",
					"$(inherited)",
				);
				GCC_WARN_64_TO_32_BIT_CONVERSION = YES;
				GCC_WARN_ABOUT_RETURN_TYPE = YES_ERROR;
				GCC_WARN_UNDECLARED_SELECTOR = YES;
				GCC_WARN_UNINITIALIZED_AUTOS = YES_AGGRESSIVE;
				GCC_WARN_UNUSED_FUNCTION = YES;
				GCC_WARN_UNUSED_VARIABLE = YES;
				IPHONEOS_DEPLOYMENT_TARGET = 9.2;
				MTL_ENABLE_DEBUG_INFO = YES;
				ONLY_ACTIVE_ARCH = YES;
				SDKROOT = iphoneos;
				SWIFT_OPTIMIZATION_LEVEL = "-Onone";
			};
			name = Debug;
		};
		8D53236B1D918E74002A5039 /* Release */ = {
			isa = XCBuildConfiguration;
			buildSettings = {
				ALWAYS_SEARCH_USER_PATHS = NO;
				CLANG_CXX_LANGUAGE_STANDARD = "gnu++0x";
				CLANG_CXX_LIBRARY = "libc++";
				CLANG_ENABLE_MODULES = YES;
				CLANG_ENABLE_OBJC_ARC = YES;
				CLANG_WARN_BOOL_CONVERSION = YES;
				CLANG_WARN_CONSTANT_CONVERSION = YES;
				CLANG_WARN_DIRECT_OBJC_ISA_USAGE = YES_ERROR;
				CLANG_WARN_EMPTY_BODY = YES;
				CLANG_WARN_ENUM_CONVERSION = YES;
				CLANG_WARN_INT_CONVERSION = YES;
				CLANG_WARN_OBJC_ROOT_CLASS = YES_ERROR;
				CLANG_WARN_UNREACHABLE_CODE = YES;
				CLANG_WARN__DUPLICATE_METHOD_MATCH = YES;
				"CODE_SIGN_IDENTITY[sdk=iphoneos*]" = "iPhone Developer";
				COPY_PHASE_STRIP = NO;
				DEBUG_INFORMATION_FORMAT = "dwarf-with-dsym";
				ENABLE_NS_ASSERTIONS = NO;
				ENABLE_STRICT_OBJC_MSGSEND = YES;
				GCC_C_LANGUAGE_STANDARD = gnu99;
				GCC_NO_COMMON_BLOCKS = YES;
				GCC_WARN_64_TO_32_BIT_CONVERSION = YES;
				GCC_WARN_ABOUT_RETURN_TYPE = YES_ERROR;
				GCC_WARN_UNDECLARED_SELECTOR = YES;
				GCC_WARN_UNINITIALIZED_AUTOS = YES_AGGRESSIVE;
				GCC_WARN_UNUSED_FUNCTION = YES;
				GCC_WARN_UNUSED_VARIABLE = YES;
				IPHONEOS_DEPLOYMENT_TARGET = 9.2;
				MTL_ENABLE_DEBUG_INFO = NO;
				SDKROOT = iphoneos;
				VALIDATE_PRODUCT = YES;
			};
			name = Release;
		};
		8D53236D1D918E74002A5039 /* Debug */ = {
			isa = XCBuildConfiguration;
			buildSettings = {
				ASSETCATALOG_COMPILER_APPICON_NAME = AppIcon;
				INFOPLIST_FILE = LoadLocalHtml/Info.plist;
				LD_RUNPATH_SEARCH_PATHS = "$(inherited) @executable_path/Frameworks";
				PRODUCT_BUNDLE_IDENTIFIER = com.webindream.LoadLocalHtml;
				PRODUCT_NAME = "$(TARGET_NAME)";
			};
			name = Debug;
		};
		8D53236E1D918E74002A5039 /* Release */ = {
			isa = XCBuildConfiguration;
			buildSettings = {
				ASSETCATALOG_COMPILER_APPICON_NAME = AppIcon;
				INFOPLIST_FILE = LoadLocalHtml/Info.plist;
				LD_RUNPATH_SEARCH_PATHS = "$(inherited) @executable_path/Frameworks";
				PRODUCT_BUNDLE_IDENTIFIER = com.webindream.LoadLocalHtml;
				PRODUCT_NAME = "$(TARGET_NAME)";
			};
			name = Release;
		};
/* End XCBuildConfiguration section */

/* Begin XCConfigurationList section */
		8D5323551D918E73002A5039 /* Build configuration list for PBXProject "LoadLocalHtml" */ = {
			isa = XCConfigurationList;
			buildConfigurations = (
				8D53236A1D918E74002A5039 /* Debug */,
				8D53236B1D918E74002A5039 /* Release */,
			);
			defaultConfigurationIsVisible = 0;
			defaultConfigurationName = Release;
		};
		8D53236C1D918E74002A5039 /* Build configuration list for PBXNativeTarget "LoadLocalHtml" */ = {
			isa = XCConfigurationList;
			buildConfigurations = (
				8D53236D1D918E74002A5039 /* Debug */,
				8D53236E1D918E74002A5039 /* Release */,
			);
			defaultConfigurationIsVisible = 0;
		};
/* End XCConfigurationList section */
	};
	rootObject = 8D5323521D918E73002A5039 /* Project object */;
}
